{
    "_meta": {
        "hash": {
            "sha256": "7f5f81c27ea49b51ce65af050e82f0f8578f94ee4b805bdd945787914ce76a4b"
        },
        "pipfile-spec": 6,
        "requires": {
            "python_full_version": "3.11.4",
            "python_version": "3.11"
        },
        "sources": [
            {
                "name": "pypi",
                "url": "https://pypi.org/simple",
                "verify_ssl": true
            }
        ]
    },
    "default": {
        "pyglet": {
            "hashes": [
                "sha256:14f3f1c68c70aa101ee4ee91f122ec8ff41ebc30885a95f733ecbbc3542e4d70",
                "sha256:9695fe73335246a13385c12b21d6562657ed62b15892d43660fa3207f0f515b9"
            ],
            "index": "pypi",
            "version": "==1.5.5"
        }
    },
    "develop": {}
}
